
Microsoft Visual Studio Solution File, Format Version 12.00
# Visual Studio Version 17
VisualStudioVersion = 17.0.31903.59
MinimumVisualStudioVersion = 10.0.40219.1
Project("{FAE04EC0-301F-11D3-BF4B-00C04F79EFBC}") = "web_api_backend", "web_api_backend\web_api_backend.csproj", "{18F8B271-0F17-4F06-BF1D-78A29AF68F61}"
EndProject
Project("{FAE04EC0-301F-11D3-BF4B-00C04F79EFBC}") = "blazor_frontend", "blazor_frontend\blazor_frontend.csproj", "{61A99790-DEFF-41E4-9403-E928902D3D1B}"
EndProject
Global
	GlobalSection(SolutionConfigurationPlatforms) = preSolution
		Debug|Any CPU = Debug|Any CPU
		Release|Any CPU = Release|Any CPU
	EndGlobalSection
	GlobalSection(SolutionProperties) = preSolution
		HideSolutionNode = FALSE
	EndGlobalSection
	GlobalSection(ProjectConfigurationPlatforms) = postSolution
		{18F8B271-0F17-4F06-BF1D-78A29AF68F61}.Debug|Any CPU.ActiveCfg = Debug|Any CPU
		{18F8B271-0F17-4F06-BF1D-78A29AF68F61}.Debug|Any CPU.Build.0 = Debug|Any CPU
		{18F8B271-0F17-4F06-BF1D-78A29AF68F61}.Release|Any CPU.ActiveCfg = Release|Any CPU
		{18F8B271-0F17-4F06-BF1D-78A29AF68F61}.Release|Any CPU.Build.0 = Release|Any CPU
		{61A99790-DEFF-41E4-9403-E928902D3D1B}.Debug|Any CPU.ActiveCfg = Debug|Any CPU
		{61A99790-DEFF-41E4-9403-E928902D3D1B}.Debug|Any CPU.Build.0 = Debug|Any CPU
		{61A99790-DEFF-41E4-9403-E928902D3D1B}.Release|Any CPU.ActiveCfg = Release|Any CPU
		{61A99790-DEFF-41E4-9403-E928902D3D1B}.Release|Any CPU.Build.0 = Release|Any CPU
	EndGlobalSection
EndGlobal
