
Microsoft Visual Studio Solution File, Format Version 12.00
# Visual Studio Version 17
VisualStudioVersion = 17.0.31903.59
MinimumVisualStudioVersion = 10.0.40219.1
Project("{FAE04EC0-301F-11D3-BF4B-00C04F79EFBC}") = "web-api-backend", "web-api-backend\web-api-backend.csproj", "{18F8B271-0F17-4F06-BF1D-78A29AF68F61}"
EndProject
Project("{FAE04EC0-301F-11D3-BF4B-00C04F79EFBC}") = "blazor-frontend", "blazor-frontend\blazor-frontend.csproj", "{F4E2349D-78A5-42F3-9E88-AA48E79F023C}"
EndProject
Global
	GlobalSection(SolutionConfigurationPlatforms) = preSolution
		Debug|Any CPU = Debug|Any CPU
		Release|Any CPU = Release|Any CPU
	EndGlobalSection
	GlobalSection(SolutionProperties) = preSolution
		HideSolutionNode = FALSE
	EndGlobalSection
	GlobalSection(ProjectConfigurationPlatforms) = postSolution
		{18F8B271-0F17-4F06-BF1D-78A29AF68F61}.Debug|Any CPU.ActiveCfg = Debug|Any CPU
		{18F8B271-0F17-4F06-BF1D-78A29AF68F61}.Debug|Any CPU.Build.0 = Debug|Any CPU
		{18F8B271-0F17-4F06-BF1D-78A29AF68F61}.Release|Any CPU.ActiveCfg = Release|Any CPU
		{18F8B271-0F17-4F06-BF1D-78A29AF68F61}.Release|Any CPU.Build.0 = Release|Any CPU
		{F4E2349D-78A5-42F3-9E88-AA48E79F023C}.Debug|Any CPU.ActiveCfg = Debug|Any CPU
		{F4E2349D-78A5-42F3-9E88-AA48E79F023C}.Debug|Any CPU.Build.0 = Debug|Any CPU
		{F4E2349D-78A5-42F3-9E88-AA48E79F023C}.Release|Any CPU.ActiveCfg = Release|Any CPU
		{F4E2349D-78A5-42F3-9E88-AA48E79F023C}.Release|Any CPU.Build.0 = Release|Any CPU
	EndGlobalSection
EndGlobal
